PODS:
  - Alamofire (4.7.2)
  - Alamofire-SwiftyJSON (3.0.0):
    - Alamofire (~> 4.5)
    - SwiftyJSON (~> 4.0.0)
  - AlamofireImage (3.3.1):
    - Alamofire (~> 4.5)
  - ReachabilitySwift (4.1.0)
  - SwiftyJSON (4.0.0)

DEPENDENCIES:
  - Alamofire (~> 4.7)
  - Alamofire-SwiftyJSON
  - AlamofireImage (~> 3.3)
  - ReachabilitySwift

SPEC CHECKSUMS:
  Alamofire: e4fa87002c137ba2d8d634d2c51fabcda0d5c223
  Alamofire-SwiftyJSON: 2b3649d57dc7bb2880fb8b86f8bb969397666916
  AlamofireImage: 3b35b586853abaf94ca1250f4e94cff3c21a4c0d
  ReachabilitySwift: 6849231cd4e06559f3b9ef4a97a0a0f96d41e09f
  SwiftyJSON: 070dabdcb1beb81b247c65ffa3a79dbbfb3b48aa

PODFILE CHECKSUM: b6fe710d9d25239a2acb03663035441b48d9068e

COCOAPODS: 1.4.0
